
Microsoft Visual Studio Solution File, Format Version 12.00
# Visual Studio Version 17
VisualStudioVersion = 17.9.34728.123
MinimumVisualStudioVersion = 10.0.40219.1
Project("{9A19103F-16F7-4668-BE54-9A1E7A4F7556}") = "DigitalHSE.Application", "DigitalHSE.Application\DigitalHSE.Application.csproj", "{2D8111FB-B640-490D-992B-227C46A5E915}"
EndProject
Project("{9A19103F-16F7-4668-BE54-9A1E7A4F7556}") = "DigitalHSE.Domain", "DigitalHSE.Domain\DigitalHSE.Domain.csproj", "{01DD9F6D-E932-466F-B6D4-2511872454AA}"
EndProject
Project("{9A19103F-16F7-4668-BE54-9A1E7A4F7556}") = "DigitalHSE.Infrastructure", "DigitalHSE.Infrastructure\DigitalHSE.Infrastructure.csproj", "{5C29E0E6-3D09-4082-9E9E-8809AF5F8F52}"
EndProject
Project("{9A19103F-16F7-4668-BE54-9A1E7A4F7556}") = "DigitalHSE.Resources", "DigitalHSE.Resources\DigitalHSE.Resources.csproj", "{55821A60-D5B4-45E2-B49A-9A8812A1628C}"
EndProject
Project("{9A19103F-16F7-4668-BE54-9A1E7A4F7556}") = "DigitalHSE.Test", "DigitalHSE.Test\DigitalHSE.Test.csproj", "{3E34619A-E2DB-4381-8EDD-9E6DC657CD48}"
EndProject
Project("{9A19103F-16F7-4668-BE54-9A1E7A4F7556}") = "DigitalHSE.Web", "DigitalHSE.Web\DigitalHSE.Web.csproj", "{A1B2C3D4-E5F6-1234-5678-9ABCDEF01234}"
EndProject
Global
	GlobalSection(SolutionConfigurationPlatforms) = preSolution
		Debug|Any CPU = Debug|Any CPU
		Release|Any CPU = Release|Any CPU
	EndGlobalSection
	GlobalSection(ProjectConfigurationPlatforms) = postSolution
		{2D8111FB-B640-490D-992B-227C46A5E915}.Debug|Any CPU.ActiveCfg = Debug|Any CPU
		{2D8111FB-B640-490D-992B-227C46A5E915}.Debug|Any CPU.Build.0 = Debug|Any CPU
		{2D8111FB-B640-490D-992B-227C46A5E915}.Release|Any CPU.ActiveCfg = Release|Any CPU
		{2D8111FB-B640-490D-992B-227C46A5E915}.Release|Any CPU.Build.0 = Release|Any CPU
		{01DD9F6D-E932-466F-B6D4-2511872454AA}.Debug|Any CPU.ActiveCfg = Debug|Any CPU
		{01DD9F6D-E932-466F-B6D4-2511872454AA}.Debug|Any CPU.Build.0 = Debug|Any CPU
		{01DD9F6D-E932-466F-B6D4-2511872454AA}.Release|Any CPU.ActiveCfg = Release|Any CPU
		{01DD9F6D-E932-466F-B6D4-2511872454AA}.Release|Any CPU.Build.0 = Release|Any CPU
		{5C29E0E6-3D09-4082-9E9E-8809AF5F8F52}.Debug|Any CPU.ActiveCfg = Debug|Any CPU
		{5C29E0E6-3D09-4082-9E9E-8809AF5F8F52}.Debug|Any CPU.Build.0 = Debug|Any CPU
		{5C29E0E6-3D09-4082-9E9E-8809AF5F8F52}.Release|Any CPU.ActiveCfg = Release|Any CPU
		{5C29E0E6-3D09-4082-9E9E-8809AF5F8F52}.Release|Any CPU.Build.0 = Release|Any CPU
		{55821A60-D5B4-45E2-B49A-9A8812A1628C}.Debug|Any CPU.ActiveCfg = Debug|Any CPU
		{55821A60-D5B4-45E2-B49A-9A8812A1628C}.Debug|Any CPU.Build.0 = Debug|Any CPU
		{55821A60-D5B4-45E2-B49A-9A8812A1628C}.Release|Any CPU.ActiveCfg = Release|Any CPU
		{55821A60-D5B4-45E2-B49A-9A8812A1628C}.Release|Any CPU.Build.0 = Release|Any CPU
		{3E34619A-E2DB-4381-8EDD-9E6DC657CD48}.Debug|Any CPU.ActiveCfg = Debug|Any CPU
		{3E34619A-E2DB-4381-8EDD-9E6DC657CD48}.Debug|Any CPU.Build.0 = Debug|Any CPU
		{3E34619A-E2DB-4381-8EDD-9E6DC657CD48}.Release|Any CPU.ActiveCfg = Release|Any CPU
		{3E34619A-E2DB-4381-8EDD-9E6DC657CD48}.Release|Any CPU.Build.0 = Release|Any CPU
		{A1B2C3D4-E5F6-1234-5678-9ABCDEF01234}.Debug|Any CPU.ActiveCfg = Debug|Any CPU
		{A1B2C3D4-E5F6-1234-5678-9ABCDEF01234}.Debug|Any CPU.Build.0 = Debug|Any CPU
		{A1B2C3D4-E5F6-1234-5678-9ABCDEF01234}.Release|Any CPU.ActiveCfg = Release|Any CPU
		{A1B2C3D4-E5F6-1234-5678-9ABCDEF01234}.Release|Any CPU.Build.0 = Release|Any CPU
	EndGlobalSection
	GlobalSection(SolutionProperties) = preSolution
		HideSolutionNode = FALSE
	EndGlobalSection
	GlobalSection(ExtensibilityGlobals) = postSolution
		SolutionGuid = {8EE6151F-FCB5-4641-BD70-EE3A0F210F1F}
	EndGlobalSection
EndGlobal